
Microsoft Visual Studio Solution File, Format Version 12.00
# Visual Studio Version 16
VisualStudioVersion = 16.0.31112.23
MinimumVisualStudioVersion = 10.0.40219.1
Project("{FAE04EC0-301F-11D3-BF4B-00C04F79EFBC}") = "YdevAcademy_Module_2", "YdevAcademy_Module_2\YdevAcademy_Module_2.csproj", "{DA74EE43-43D6-4678-A4B0-EEA2D43C3498}"
EndProject
Global
	GlobalSection(SolutionConfigurationPlatforms) = preSolution
		Debug|Any CPU = Debug|Any CPU
		Release|Any CPU = Release|Any CPU
	EndGlobalSection
	GlobalSection(ProjectConfigurationPlatforms) = postSolution
		{DA74EE43-43D6-4678-A4B0-EEA2D43C3498}.Debug|Any CPU.ActiveCfg = Debug|Any CPU
		{DA74EE43-43D6-4678-A4B0-EEA2D43C3498}.Debug|Any CPU.Build.0 = Debug|Any CPU
		{DA74EE43-43D6-4678-A4B0-EEA2D43C3498}.Release|Any CPU.ActiveCfg = Release|Any CPU
		{DA74EE43-43D6-4678-A4B0-EEA2D43C3498}.Release|Any CPU.Build.0 = Release|Any CPU
	EndGlobalSection
	GlobalSection(SolutionProperties) = preSolution
		HideSolutionNode = FALSE
	EndGlobalSection
	GlobalSection(ExtensibilityGlobals) = postSolution
		SolutionGuid = {2C3BC50A-B595-4AAA-96A6-34B99E87700C}
	EndGlobalSection
EndGlobal
